// !$*UTF8*$!
{
	archiveVersion = 1;
	classes = {
	};
	objectVersion = 77;
	objects = {

/* Begin PBXContainerItemProxy section */
		3FBB7AE92CB8C7D000552DD7 /* PBXContainerItemProxy */ = {
			isa = PBXContainerItemProxy;
			containerPortal = 3FBB7AD02CB8C7CF00552DD7 /* Project object */;
			proxyType = 1;
			remoteGlobalIDString = 3FBB7AD72CB8C7D000552DD7;
			remoteInfo = jason;
		};
		3FBB7AF32CB8C7D000552DD7 /* PBXContainerItemProxy */ = {
			isa = PBXContainerItemProxy;
			containerPortal = 3FBB7AD02CB8C7CF00552DD7 /* Project object */;
			proxyType = 1;
			remoteGlobalIDString = 3FBB7AD72CB8C7D000552DD7;
			remoteInfo = jason;
		};
/* End PBXContainerItemProxy section */

/* Begin PBXFileReference section */
		3FBB7AD82CB8C7D000552DD7 /* jason.app */ = {isa = PBXFileReference; explicitFileType = wrapper.application; includeInIndex = 0; path = jason.app; sourceTree = BUILT_PRODUCTS_DIR; };
		3FBB7AE82CB8C7D000552DD7 /* jasonTests.xctest */ = {isa = PBXFileReference; explicitFileType = wrapper.cfbundle; includeInIndex = 0; path = jasonTests.xctest; sourceTree = BUILT_PRODUCTS_DIR; };
		3FBB7AF22CB8C7D000552DD7 /* jasonUITests.xctest */ = {isa = PBXFileReference; explicitFileType = wrapper.cfbundle; includeInIndex = 0; path = jasonUITests.xctest; sourceTree = BUILT_PRODUCTS_DIR; };
/* End PBXFileReference section */

/* Begin PBXFileSystemSynchronizedRootGroup section */
		3FBB7ADA2CB8C7D000552DD7 /* jason */ = {
			isa = PBXFileSystemSynchronizedRootGroup;
			path = jason;
			sourceTree = "<group>";
		};
		3FBB7AEB2CB8C7D000552DD7 /* jasonTests */ = {
			isa = PBXFileSystemSynchronizedRootGroup;
			path = jasonTests;
			sourceTree = "<group>";
		};
		3FBB7AF52CB8C7D000552DD7 /* jasonUITests */ = {
			isa = PBXFileSystemSynchronizedRootGroup;
			path = jasonUITests;
			sourceTree = "<group>";
		};
/* End PBXFileSystemSynchronizedRootGroup section */

/* Begin PBXFrameworksBuildPhase section */
		3FBB7AD52CB8C7D000552DD7 /* Frameworks */ = {
			isa = PBXFrameworksBuildPhase;
			buildActionMask = 2147483647;
			files = (
			);
			runOnlyForDeploymentPostprocessing = 0;
		};
		3FBB7AE52CB8C7D000552DD7 /* Frameworks */ = {
			isa = PBXFrameworksBuildPhase;
			buildActionMask = 2147483647;
			files = (
			);
			runOnlyForDeploymentPostprocessing = 0;
		};
		3FBB7AEF2CB8C7D000552DD7 /* Frameworks */ = {
			isa = PBXFrameworksBuildPhase;
			buildActionMask = 2147483647;
			files = (
			);
			runOnlyForDeploymentPostprocessing = 0;
		};
/* End PBXFrameworksBuildPhase section */

/* Begin PBXGroup section */
		3FBB7ACF2CB8C7CF00552DD7 = {
			isa = PBXGroup;
			children = (
				3FBB7ADA2CB8C7D000552DD7 /* jason */,
				3FBB7AEB2CB8C7D000552DD7 /* jasonTests */,
				3FBB7AF52CB8C7D000552DD7 /* jasonUITests */,
				3FBB7AD92CB8C7D000552DD7 /* Products */,
			);
			sourceTree = "<group>";
		};
		3FBB7AD92CB8C7D000552DD7 /* Products */ = {
			isa = PBXGroup;
			children = (
				3FBB7AD82CB8C7D000552DD7 /* jason.app */,
				3FBB7AE82CB8C7D000552DD7 /* jasonTests.xctest */,
				3FBB7AF22CB8C7D000552DD7 /* jasonUITests.xctest */,
			);
			name = Products;
			sourceTree = "<group>";
		};
/* End PBXGroup section */

/* Begin PBXNativeTarget section */
		3FBB7AD72CB8C7D000552DD7 /* jason */ = {
			isa = PBXNativeTarget;
			buildConfigurationList = 3FBB7AFC2CB8C7D000552DD7 /* Build configuration list for PBXNativeTarget "jason" */;
			buildPhases = (
				3FBB7AD42CB8C7D000552DD7 /* Sources */,
				3FBB7AD52CB8C7D000552DD7 /* Frameworks */,
				3FBB7AD62CB8C7D000552DD7 /* Resources */,
			);
			buildRules = (
			);
			dependencies = (
			);
			fileSystemSynchronizedGroups = (
				3FBB7ADA2CB8C7D000552DD7 /* jason */,
			);
			name = jason;
			packageProductDependencies = (
			);
			productName = jason;
			productReference = 3FBB7AD82CB8C7D000552DD7 /* jason.app */;
			productType = "com.apple.product-type.application";
		};
		3FBB7AE72CB8C7D000552DD7 /* jasonTests */ = {
			isa = PBXNativeTarget;
			buildConfigurationList = 3FBB7AFF2CB8C7D000552DD7 /* Build configuration list for PBXNativeTarget "jasonTests" */;
			buildPhases = (
				3FBB7AE42CB8C7D000552DD7 /* Sources */,
				3FBB7AE52CB8C7D000552DD7 /* Frameworks */,
				3FBB7AE62CB8C7D000552DD7 /* Resources */,
			);
			buildRules = (
			);
			dependencies = (
				3FBB7AEA2CB8C7D000552DD7 /* PBXTargetDependency */,
			);
			fileSystemSynchronizedGroups = (
				3FBB7AEB2CB8C7D000552DD7 /* jasonTests */,
			);
			name = jasonTests;
			packageProductDependencies = (
			);
			productName = jasonTests;
			productReference = 3FBB7AE82CB8C7D000552DD7 /* jasonTests.xctest */;
			productType = "com.apple.product-type.bundle.unit-test";
		};
		3FBB7AF12CB8C7D000552DD7 /* jasonUITests */ = {
			isa = PBXNativeTarget;
			buildConfigurationList = 3FBB7B022CB8C7D000552DD7 /* Build configuration list for PBXNativeTarget "jasonUITests" */;
			buildPhases = (
				3FBB7AEE2CB8C7D000552DD7 /* Sources */,
				3FBB7AEF2CB8C7D000552DD7 /* Frameworks */,
				3FBB7AF02CB8C7D000552DD7 /* Resources */,
			);
			buildRules = (
			);
			dependencies = (
				3FBB7AF42CB8C7D000552DD7 /* PBXTargetDependency */,
			);
			fileSystemSynchronizedGroups = (
				3FBB7AF52CB8C7D000552DD7 /* jasonUITests */,
			);
			name = jasonUITests;
			packageProductDependencies = (
			);
			productName = jasonUITests;
			productReference = 3FBB7AF22CB8C7D000552DD7 /* jasonUITests.xctest */;
			productType = "com.apple.product-type.bundle.ui-testing";
		};
/* End PBXNativeTarget section */

/* Begin PBXProject section */
		3FBB7AD02CB8C7CF00552DD7 /* Project object */ = {
			isa = PBXProject;
			attributes = {
				BuildIndependentTargetsInParallel = 1;
				LastSwiftUpdateCheck = 1600;
				LastUpgradeCheck = 1600;
				TargetAttributes = {
					3FBB7AD72CB8C7D000552DD7 = {
						CreatedOnToolsVersion = 16.0;
					};
					3FBB7AE72CB8C7D000552DD7 = {
						CreatedOnToolsVersion = 16.0;
						TestTargetID = 3FBB7AD72CB8C7D000552DD7;
					};
					3FBB7AF12CB8C7D000552DD7 = {
						CreatedOnToolsVersion = 16.0;
						TestTargetID = 3FBB7AD72CB8C7D000552DD7;
					};
				};
			};
			buildConfigurationList = 3FBB7AD32CB8C7CF00552DD7 /* Build configuration list for PBXProject "jason" */;
			developmentRegion = en;
			hasScannedForEncodings = 0;
			knownRegions = (
				en,
				Base,
			);
			mainGroup = 3FBB7ACF2CB8C7CF00552DD7;
			minimizedProjectReferenceProxies = 1;
			preferredProjectObjectVersion = 77;
			productRefGroup = 3FBB7AD92CB8C7D000552DD7 /* Products */;
			projectDirPath = "";
			projectRoot = "";
			targets = (
				3FBB7AD72CB8C7D000552DD7 /* jason */,
				3FBB7AE72CB8C7D000552DD7 /* jasonTests */,
				3FBB7AF12CB8C7D000552DD7 /* jasonUITests */,
			);
		};
/* End PBXProject section */

/* Begin PBXResourcesBuildPhase section */
		3FBB7AD62CB8C7D000552DD7 /* Resources */ = {
			isa = PBXResourcesBuildPhase;
			buildActionMask = 2147483647;
			files = (
			);
			runOnlyForDeploymentPostprocessing = 0;
		};
		3FBB7AE62CB8C7D000552DD7 /* Resources */ = {
			isa = PBXResourcesBuildPhase;
			buildActionMask = 2147483647;
			files = (
			);
			runOnlyForDeploymentPostprocessing = 0;
		};
		3FBB7AF02CB8C7D000552DD7 /* Resources */ = {
			isa = PBXResourcesBuildPhase;
			buildActionMask = 2147483647;
			files = (
			);
			runOnlyForDeploymentPostprocessing = 0;
		};
/* End PBXResourcesBuildPhase section */

/* Begin PBXSourcesBuildPhase section */
		3FBB7AD42CB8C7D000552DD7 /* Sources */ = {
			isa = PBXSourcesBuildPhase;
			buildActionMask = 2147483647;
			files = (
			);
			runOnlyForDeploymentPostprocessing = 0;
		};
		3FBB7AE42CB8C7D000552DD7 /* Sources */ = {
			isa = PBXSourcesBuildPhase;
			buildActionMask = 2147483647;
			files = (
			);
			runOnlyForDeploymentPostprocessing = 0;
		};
		3FBB7AEE2CB8C7D000552DD7 /* Sources */ = {
			isa = PBXSourcesBuildPhase;
			buildActionMask = 2147483647;
			files = (
			);
			runOnlyForDeploymentPostprocessing = 0;
		};
/* End PBXSourcesBuildPhase section */

/* Begin PBXTargetDependency section */
		3FBB7AEA2CB8C7D000552DD7 /* PBXTargetDependency */ = {
			isa = PBXTargetDependency;
			target = 3FBB7AD72CB8C7D000552DD7 /* jason */;
			targetProxy = 3FBB7AE92CB8C7D000552DD7 /* PBXContainerItemProxy */;
		};
		3FBB7AF42CB8C7D000552DD7 /* PBXTargetDependency */ = {
			isa = PBXTargetDependency;
			target = 3FBB7AD72CB8C7D000552DD7 /* jason */;
			targetProxy = 3FBB7AF32CB8C7D000552DD7 /* PBXContainerItemProxy */;
		};
/* End PBXTargetDependency section */

/* Begin XCBuildConfiguration section */
		3FBB7AFA2CB8C7D000552DD7 /* Debug */ = {
			isa = XCBuildConfiguration;
			buildSettings = {
				ALWAYS_SEARCH_USER_PATHS = NO;
				ASSETCATALOG_COMPILER_GENERATE_SWIFT_ASSET_SYMBOL_EXTENSIONS = YES;
				CLANG_ANALYZER_NONNULL = YES;
				CLANG_ANALYZER_NUMBER_OBJECT_CONVERSION = YES_AGGRESSIVE;
				CLANG_CXX_LANGUAGE_STANDARD = "gnu++20";
				CLANG_ENABLE_MODULES = YES;
				CLANG_ENABLE_OBJC_ARC = YES;
				CLANG_ENABLE_OBJC_WEAK = YES;
				CLANG_WARN_BLOCK_CAPTURE_AUTORELEASING = YES;
				CLANG_WARN_BOOL_CONVERSION = YES;
				CLANG_WARN_COMMA = YES;
				CLANG_WARN_CONSTANT_CONVERSION = YES;
				CLANG_WARN_DEPRECATED_OBJC_IMPLEMENTATIONS = YES;
				CLANG_WARN_DIRECT_OBJC_ISA_USAGE = YES_ERROR;
				CLANG_WARN_DOCUMENTATION_COMMENTS = YES;
				CLANG_WARN_EMPTY_BODY = YES;
				CLANG_WARN_ENUM_CONVERSION = YES;
				CLANG_WARN_INFINITE_RECURSION = YES;
				CLANG_WARN_INT_CONVERSION = YES;
				CLANG_WARN_NON_LITERAL_NULL_CONVERSION = YES;
				CLANG_WARN_OBJC_IMPLICIT_RETAIN_SELF = YES;
				CLANG_WARN_OBJC_LITERAL_CONVERSION = YES;
				CLANG_WARN_OBJC_ROOT_CLASS = YES_ERROR;
				CLANG_WARN_QUOTED_INCLUDE_IN_FRAMEWORK_HEADER = YES;
				CLANG_WARN_RANGE_LOOP_ANALYSIS = YES;
				CLANG_WARN_STRICT_PROTOTYPES = YES;
				CLANG_WARN_SUSPICIOUS_MOVE = YES;
				CLANG_WARN_UNGUARDED_AVAILABILITY = YES_AGGRESSIVE;
				CLANG_WARN_UNREACHABLE_CODE = YES;
				CLANG_WARN__DUPLICATE_METHOD_MATCH = YES;
				COPY_PHASE_STRIP = NO;
				DEBUG_INFORMATION_FORMAT = dwarf;
				ENABLE_STRICT_OBJC_MSGSEND = YES;
				ENABLE_TESTABILITY = YES;
				ENABLE_USER_SCRIPT_SANDBOXING = YES;
				GCC_C_LANGUAGE_STANDARD = gnu17;
				GCC_DYNAMIC_NO_PIC = NO;
				GCC_NO_COMMON_BLOCKS = YES;
				GCC_OPTIMIZATION_LEVEL = 0;
				GCC_PREPROCESSOR_DEFINITIONS = (
					"DEBUG=1",
					"$(inherited)",
				);
				GCC_WARN_64_TO_32_BIT_CONVERSION = YES;
				GCC_WARN_ABOUT_RETURN_TYPE = YES_ERROR;
				GCC_WARN_UNDECLARED_SELECTOR = YES;
				GCC_WARN_UNINITIALIZED_AUTOS = YES_AGGRESSIVE;
				GCC_WARN_UNUSED_FUNCTION = YES;
				GCC_WARN_UNUSED_VARIABLE = YES;
				IPHONEOS_DEPLOYMENT_TARGET = 18.0;
				LOCALIZATION_PREFERS_STRING_CATALOGS = YES;
				MTL_ENABLE_DEBUG_INFO = INCLUDE_SOURCE;
				MTL_FAST_MATH = YES;
				ONLY_ACTIVE_ARCH = YES;
				SDKROOT = iphoneos;
				SWIFT_ACTIVE_COMPILATION_CONDITIONS = "DEBUG $(inherited)";
				SWIFT_OPTIMIZATION_LEVEL = "-Onone";
			};
			name = Debug;
		};
		3FBB7AFB2CB8C7D000552DD7 /* Release */ = {
			isa = XCBuildConfiguration;
			buildSettings = {
				ALWAYS_SEARCH_USER_PATHS = NO;
				ASSETCATALOG_COMPILER_GENERATE_SWIFT_ASSET_SYMBOL_EXTENSIONS = YES;
				CLANG_ANALYZER_NONNULL = YES;
				CLANG_ANALYZER_NUMBER_OBJECT_CONVERSION = YES_AGGRESSIVE;
				CLANG_CXX_LANGUAGE_STANDARD = "gnu++20";
				CLANG_ENABLE_MODULES = YES;
				CLANG_ENABLE_OBJC_ARC = YES;
				CLANG_ENABLE_OBJC_WEAK = YES;
				CLANG_WARN_BLOCK_CAPTURE_AUTORELEASING = YES;
				CLANG_WARN_BOOL_CONVERSION = YES;
				CLANG_WARN_COMMA = YES;
				CLANG_WARN_CONSTANT_CONVERSION = YES;
				CLANG_WARN_DEPRECATED_OBJC_IMPLEMENTATIONS = YES;
				CLANG_WARN_DIRECT_OBJC_ISA_USAGE = YES_ERROR;
				CLANG_WARN_DOCUMENTATION_COMMENTS = YES;
				CLANG_WARN_EMPTY_BODY = YES;
				CLANG_WARN_ENUM_CONVERSION = YES;
				CLANG_WARN_INFINITE_RECURSION = YES;
				CLANG_WARN_INT_CONVERSION = YES;
				CLANG_WARN_NON_LITERAL_NULL_CONVERSION = YES;
				CLANG_WARN_OBJC_IMPLICIT_RETAIN_SELF = YES;
				CLANG_WARN_OBJC_LITERAL_CONVERSION = YES;
				CLANG_WARN_OBJC_ROOT_CLASS = YES_ERROR;
				CLANG_WARN_QUOTED_INCLUDE_IN_FRAMEWORK_HEADER = YES;
				CLANG_WARN_RANGE_LOOP_ANALYSIS = YES;
				CLANG_WARN_STRICT_PROTOTYPES = YES;
				CLANG_WARN_SUSPICIOUS_MOVE = YES;
				CLANG_WARN_UNGUARDED_AVAILABILITY = YES_AGGRESSIVE;
				CLANG_WARN_UNREACHABLE_CODE = YES;
				CLANG_WARN__DUPLICATE_METHOD_MATCH = YES;
				COPY_PHASE_STRIP = NO;
				DEBUG_INFORMATION_FORMAT = "dwarf-with-dsym";
				ENABLE_NS_ASSERTIONS = NO;
				ENABLE_STRICT_OBJC_MSGSEND = YES;
				ENABLE_USER_SCRIPT_SANDBOXING = YES;
				GCC_C_LANGUAGE_STANDARD = gnu17;
				GCC_NO_COMMON_BLOCKS = YES;
				GCC_WARN_64_TO_32_BIT_CONVERSION = YES;
				GCC_WARN_ABOUT_RETURN_TYPE = YES_ERROR;
				GCC_WARN_UNDECLARED_SELECTOR = YES;
				GCC_WARN_UNINITIALIZED_AUTOS = YES_AGGRESSIVE;
				GCC_WARN_UNUSED_FUNCTION = YES;
				GCC_WARN_UNUSED_VARIABLE = YES;
				IPHONEOS_DEPLOYMENT_TARGET = 18.0;
				LOCALIZATION_PREFERS_STRING_CATALOGS = YES;
				MTL_ENABLE_DEBUG_INFO = NO;
				MTL_FAST_MATH = YES;
				SDKROOT = iphoneos;
				SWIFT_COMPILATION_MODE = wholemodule;
				VALIDATE_PRODUCT = YES;
			};
			name = Release;
		};
		3FBB7AFD2CB8C7D000552DD7 /* Debug */ = {
			isa = XCBuildConfiguration;
			buildSettings = {
				ASSETCATALOG_COMPILER_APPICON_NAME = AppIcon;
				ASSETCATALOG_COMPILER_GLOBAL_ACCENT_COLOR_NAME = AccentColor;
				CODE_SIGN_STYLE = Automatic;
				CURRENT_PROJECT_VERSION = 1;
				DEVELOPMENT_ASSET_PATHS = "\"jason/Preview Content\"";
				DEVELOPMENT_TEAM = ANH2B56QTT;
				ENABLE_PREVIEWS = YES;
				GENERATE_INFOPLIST_FILE = YES;
				INFOPLIST_KEY_UIApplicationSceneManifest_Generation = YES;
				INFOPLIST_KEY_UIApplicationSupportsIndirectInputEvents = YES;
				INFOPLIST_KEY_UILaunchScreen_Generation = YES;
				INFOPLIST_KEY_UISupportedInterfaceOrientations_iPad = "UIInterfaceOrientationPortrait UIInterfaceOrientationPortraitUpsideDown UIInterfaceOrientationLandscapeLeft UIInterfaceOrientationLandscapeRight";
				INFOPLIST_KEY_UISupportedInterfaceOrientations_iPhone = "UIInterfaceOrientationPortrait UIInterfaceOrientationLandscapeLeft UIInterfaceOrientationLandscapeRight";
				LD_RUNPATH_SEARCH_PATHS = (
					"$(inherited)",
					"@executable_path/Frameworks",
				);
				MARKETING_VERSION = 1.0;
				PRODUCT_BUNDLE_IDENTIFIER = "UC-ISB.jason";
				PRODUCT_NAME = "$(TARGET_NAME)";
				SWIFT_EMIT_LOC_STRINGS = YES;
				SWIFT_VERSION = 5.0;
				TARGETED_DEVICE_FAMILY = "1,2";
			};
			name = Debug;
		};
		3FBB7AFE2CB8C7D000552DD7 /* Release */ = {
			isa = XCBuildConfiguration;
			buildSettings = {
				ASSETCATALOG_COMPILER_APPICON_NAME = AppIcon;
				ASSETCATALOG_COMPILER_GLOBAL_ACCENT_COLOR_NAME = AccentColor;
				CODE_SIGN_STYLE = Automatic;
				CURRENT_PROJECT_VERSION = 1;
				DEVELOPMENT_ASSET_PATHS = "\"jason/Preview Content\"";
				DEVELOPMENT_TEAM = ANH2B56QTT;
				ENABLE_PREVIEWS = YES;
				GENERATE_INFOPLIST_FILE = YES;
				INFOPLIST_KEY_UIApplicationSceneManifest_Generation = YES;
				INFOPLIST_KEY_UIApplicationSupportsIndirectInputEvents = YES;
				INFOPLIST_KEY_UILaunchScreen_Generation = YES;
				INFOPLIST_KEY_UISupportedInterfaceOrientations_iPad = "UIInterfaceOrientationPortrait UIInterfaceOrientationPortraitUpsideDown UIInterfaceOrientationLandscapeLeft UIInterfaceOrientationLandscapeRight";
				INFOPLIST_KEY_UISupportedInterfaceOrientations_iPhone = "UIInterfaceOrientationPortrait UIInterfaceOrientationLandscapeLeft UIInterfaceOrientationLandscapeRight";
				LD_RUNPATH_SEARCH_PATHS = (
					"$(inherited)",
					"@executable_path/Frameworks",
				);
				MARKETING_VERSION = 1.0;
				PRODUCT_BUNDLE_IDENTIFIER = "UC-ISB.jason";
				PRODUCT_NAME = "$(TARGET_NAME)";
				SWIFT_EMIT_LOC_STRINGS = YES;
				SWIFT_VERSION = 5.0;
				TARGETED_DEVICE_FAMILY = "1,2";
			};
			name = Release;
		};
		3FBB7B002CB8C7D000552DD7 /* Debug */ = {
			isa = XCBuildConfiguration;
			buildSettings = {
				BUNDLE_LOADER = "$(TEST_HOST)";
				CODE_SIGN_STYLE = Automatic;
				CURRENT_PROJECT_VERSION = 1;
				DEVELOPMENT_TEAM = ANH2B56QTT;
				GENERATE_INFOPLIST_FILE = YES;
				IPHONEOS_DEPLOYMENT_TARGET = 18.0;
				MARKETING_VERSION = 1.0;
				PRODUCT_BUNDLE_IDENTIFIER = "UC-ISB.jasonTests";
				PRODUCT_NAME = "$(TARGET_NAME)";
				SWIFT_EMIT_LOC_STRINGS = NO;
				SWIFT_VERSION = 5.0;
				TARGETED_DEVICE_FAMILY = "1,2";
				TEST_HOST = "$(BUILT_PRODUCTS_DIR)/jason.app/$(BUNDLE_EXECUTABLE_FOLDER_PATH)/jason";
			};
			name = Debug;
		};
		3FBB7B012CB8C7D000552DD7 /* Release */ = {
			isa = XCBuildConfiguration;
			buildSettings = {
				BUNDLE_LOADER = "$(TEST_HOST)";
				CODE_SIGN_STYLE = Automatic;
				CURRENT_PROJECT_VERSION = 1;
				DEVELOPMENT_TEAM = ANH2B56QTT;
				GENERATE_INFOPLIST_FILE = YES;
				IPHONEOS_DEPLOYMENT_TARGET = 18.0;
				MARKETING_VERSION = 1.0;
				PRODUCT_BUNDLE_IDENTIFIER = "UC-ISB.jasonTests";
				PRODUCT_NAME = "$(TARGET_NAME)";
				SWIFT_EMIT_LOC_STRINGS = NO;
				SWIFT_VERSION = 5.0;
				TARGETED_DEVICE_FAMILY = "1,2";
				TEST_HOST = "$(BUILT_PRODUCTS_DIR)/jason.app/$(BUNDLE_EXECUTABLE_FOLDER_PATH)/jason";
			};
			name = Release;
		};
		3FBB7B032CB8C7D000552DD7 /* Debug */ = {
			isa = XCBuildConfiguration;
			buildSettings = {
				CODE_SIGN_STYLE = Automatic;
				CURRENT_PROJECT_VERSION = 1;
				DEVELOPMENT_TEAM = ANH2B56QTT;
				GENERATE_INFOPLIST_FILE = YES;
				MARKETING_VERSION = 1.0;
				PRODUCT_BUNDLE_IDENTIFIER = "UC-ISB.jasonUITests";
				PRODUCT_NAME = "$(TARGET_NAME)";
				SWIFT_EMIT_LOC_STRINGS = NO;
				SWIFT_VERSION = 5.0;
				TARGETED_DEVICE_FAMILY = "1,2";
				TEST_TARGET_NAME = jason;
			};
			name = Debug;
		};
		3FBB7B042CB8C7D000552DD7 /* Release */ = {
			isa = XCBuildConfiguration;
			buildSettings = {
				CODE_SIGN_STYLE = Automatic;
				CURRENT_PROJECT_VERSION = 1;
				DEVELOPMENT_TEAM = ANH2B56QTT;
				GENERATE_INFOPLIST_FILE = YES;
				MARKETING_VERSION = 1.0;
				PRODUCT_BUNDLE_IDENTIFIER = "UC-ISB.jasonUITests";
				PRODUCT_NAME = "$(TARGET_NAME)";
				SWIFT_EMIT_LOC_STRINGS = NO;
				SWIFT_VERSION = 5.0;
				TARGETED_DEVICE_FAMILY = "1,2";
				TEST_TARGET_NAME = jason;
			};
			name = Release;
		};
/* End XCBuildConfiguration section */

/* Begin XCConfigurationList section */
		3FBB7AD32CB8C7CF00552DD7 /* Build configuration list for PBXProject "jason" */ = {
			isa = XCConfigurationList;
			buildConfigurations = (
				3FBB7AFA2CB8C7D000552DD7 /* Debug */,
				3FBB7AFB2CB8C7D000552DD7 /* Release */,
			);
			defaultConfigurationIsVisible = 0;
			defaultConfigurationName = Release;
		};
		3FBB7AFC2CB8C7D000552DD7 /* Build configuration list for PBXNativeTarget "jason" */ = {
			isa = XCConfigurationList;
			buildConfigurations = (
				3FBB7AFD2CB8C7D000552DD7 /* Debug */,
				3FBB7AFE2CB8C7D000552DD7 /* Release */,
			);
			defaultConfigurationIsVisible = 0;
			defaultConfigurationName = Release;
		};
		3FBB7AFF2CB8C7D000552DD7 /* Build configuration list for PBXNativeTarget "jasonTests" */ = {
			isa = XCConfigurationList;
			buildConfigurations = (
				3FBB7B002CB8C7D000552DD7 /* Debug */,
				3FBB7B012CB8C7D000552DD7 /* Release */,
			);
			defaultConfigurationIsVisible = 0;
			defaultConfigurationName = Release;
		};
		3FBB7B022CB8C7D000552DD7 /* Build configuration list for PBXNativeTarget "jasonUITests" */ = {
			isa = XCConfigurationList;
			buildConfigurations = (
				3FBB7B032CB8C7D000552DD7 /* Debug */,
				3FBB7B042CB8C7D000552DD7 /* Release */,
			);
			defaultConfigurationIsVisible = 0;
			defaultConfigurationName = Release;
		};
/* End XCConfigurationList section */
	};
	rootObject = 3FBB7AD02CB8C7CF00552DD7 /* Project object */;
}
